
Microsoft Visual Studio Solution File, Format Version 12.00
# Visual Studio Version 17
VisualStudioVersion = 17.11.35312.102
MinimumVisualStudioVersion = 10.0.40219.1
Project("{FAE04EC0-301F-11D3-BF4B-00C04F79EFBC}") = "FinalGame", "FinalGame.csproj", "{3F17A81A-1EED-4058-B25A-780B37564477}"
EndProject
Global
	GlobalSection(SolutionConfigurationPlatforms) = preSolution
		Debug|Any CPU = Debug|Any CPU
		Release|Any CPU = Release|Any CPU
	EndGlobalSection
	GlobalSection(ProjectConfigurationPlatforms) = postSolution
		{3F17A81A-1EED-4058-B25A-780B37564477}.Debug|Any CPU.ActiveCfg = Debug|Any CPU
		{3F17A81A-1EED-4058-B25A-780B37564477}.Debug|Any CPU.Build.0 = Debug|Any CPU
		{3F17A81A-1EED-4058-B25A-780B37564477}.Release|Any CPU.ActiveCfg = Release|Any CPU
		{3F17A81A-1EED-4058-B25A-780B37564477}.Release|Any CPU.Build.0 = Release|Any CPU
	EndGlobalSection
	GlobalSection(SolutionProperties) = preSolution
		HideSolutionNode = FALSE
	EndGlobalSection
	GlobalSection(ExtensibilityGlobals) = postSolution
		SolutionGuid = {25580910-FD51-4938-9709-9867EE475BF5}
	EndGlobalSection
EndGlobal
